
Microsoft Visual Studio Solution File, Format Version 12.00
# Visual Studio Version 16
VisualStudioVersion = 16.0.31624.102
MinimumVisualStudioVersion = 10.0.40219.1
Project("{9A19103F-16F7-4668-BE54-9A1E7A4F7556}") = "SpecFlowCalculator", "SpecFlowCalculator\SpecFlowCalculator.csproj", "{5AAA748F-A66A-46C8-8181-EFCA6ADA5A6E}"
EndProject
Project("{FAE04EC0-301F-11D3-BF4B-00C04F79EFBC}") = "SpecFlowCalculator.Specs", "SpecFlowCalculator.Specs\SpecFlowCalculator.Specs.csproj", "{D57B3E37-6E29-4A8E-8B9B-A0D60AB5B176}"
EndProject
Global
	GlobalSection(SolutionConfigurationPlatforms) = preSolution
		Debug|Any CPU = Debug|Any CPU
		Release|Any CPU = Release|Any CPU
	EndGlobalSection
	GlobalSection(ProjectConfigurationPlatforms) = postSolution
		{5AAA748F-A66A-46C8-8181-EFCA6ADA5A6E}.Debug|Any CPU.ActiveCfg = Debug|Any CPU
		{5AAA748F-A66A-46C8-8181-EFCA6ADA5A6E}.Debug|Any CPU.Build.0 = Debug|Any CPU
		{5AAA748F-A66A-46C8-8181-EFCA6ADA5A6E}.Release|Any CPU.ActiveCfg = Release|Any CPU
		{5AAA748F-A66A-46C8-8181-EFCA6ADA5A6E}.Release|Any CPU.Build.0 = Release|Any CPU
		{D57B3E37-6E29-4A8E-8B9B-A0D60AB5B176}.Debug|Any CPU.ActiveCfg = Debug|Any CPU
		{D57B3E37-6E29-4A8E-8B9B-A0D60AB5B176}.Debug|Any CPU.Build.0 = Debug|Any CPU
		{D57B3E37-6E29-4A8E-8B9B-A0D60AB5B176}.Release|Any CPU.ActiveCfg = Release|Any CPU
		{D57B3E37-6E29-4A8E-8B9B-A0D60AB5B176}.Release|Any CPU.Build.0 = Release|Any CPU
	EndGlobalSection
	GlobalSection(SolutionProperties) = preSolution
		HideSolutionNode = FALSE
	EndGlobalSection
	GlobalSection(ExtensibilityGlobals) = postSolution
		SolutionGuid = {AD6A663D-1F54-4592-963D-2B943A7ED9E0}
	EndGlobalSection
EndGlobal
